// !$*UTF8*$!
{
	archiveVersion = 1;
	classes = {
	};
	objectVersion = 45;
	objects = {

/* Begin PBXBuildFile section */
		1D3623260D0F684500981E51 /* AppDelegate.m in Sources */ = {isa = PBXBuildFile; fileRef = 1D3623250D0F684500981E51 /* AppDelegate.m */; };
		1D60589F0D05DD5A006BFB54 /* Foundation.framework in Frameworks */ = {isa = PBXBuildFile; fileRef = 1D30AB110D05D00D00671497 /* Foundation.framework */; };
		1DF5F4E00D08C38300B7A737 /* UIKit.framework in Frameworks */ = {isa = PBXBuildFile; fileRef = 1DF5F4DF0D08C38300B7A737 /* UIKit.framework */; };
		28D7ACF80DDB3853001CB0EB /* ViewController.m in Sources */ = {isa = PBXBuildFile; fileRef = 28D7ACF70DDB3853001CB0EB /* ViewController.m */; };
		2A07252118D12A20003FCCEA /* Codegen_wrapper.cpp in Sources */ = {isa = PBXBuildFile; fileRef = 2A07251C18D12A20003FCCEA /* Codegen_wrapper.cpp */; };
		2A07252218D12A20003FCCEA /* GetPCMFromFile.cpp in Sources */ = {isa = PBXBuildFile; fileRef = 2A07251F18D12A20003FCCEA /* GetPCMFromFile.cpp */; };
		2A07252718D12A3F003FCCEA /* Default-568h@2x.png in Resources */ = {isa = PBXBuildFile; fileRef = 2A07252318D12A3F003FCCEA /* Default-568h@2x.png */; };
		2A07252918D12A3F003FCCEA /* MainWindow.xib in Resources */ = {isa = PBXBuildFile; fileRef = 2A07252518D12A3F003FCCEA /* MainWindow.xib */; };
		2A07252A18D12A3F003FCCEA /* ViewController.xib in Resources */ = {isa = PBXBuildFile; fileRef = 2A07252618D12A3F003FCCEA /* ViewController.xib */; };
		2A07253018D12B86003FCCEA /* Gripthumb-iOS-Info.plist in Resources */ = {isa = PBXBuildFile; fileRef = 2A07252F18D12B86003FCCEA /* Gripthumb-iOS-Info.plist */; };
		2A07253518D12C75003FCCEA /* libechoprint-codegen-ios.a in Frameworks */ = {isa = PBXBuildFile; fileRef = 2A07253418D12C75003FCCEA /* libechoprint-codegen-ios.a */; };
		2A7F538C18CD314E00845DFD /* main.m in Sources */ = {isa = PBXBuildFile; fileRef = 2A7F538B18CD314E00845DFD /* main.m */; };
		7E337B5DBC0B4D629ECF7D60 /* libPods.a in Frameworks */ = {isa = PBXBuildFile; fileRef = 73C5A15E85C047D88B4833BB /* libPods.a */; };
		9AC8897513A69840002C92D4 /* Fingerprinter.m in Sources */ = {isa = PBXBuildFile; fileRef = 9AC8897413A69840002C92D4 /* Fingerprinter.m */; };
		9AC8898A13A69876002C92D4 /* AVFoundation.framework in Frameworks */ = {isa = PBXBuildFile; fileRef = 9AC8898913A69876002C92D4 /* AVFoundation.framework */; };
		9AC8899113A69880002C92D4 /* AudioToolbox.framework in Frameworks */ = {isa = PBXBuildFile; fileRef = 9AC8899013A69880002C92D4 /* AudioToolbox.framework */; };
		9AC88A6F13A6ACEA002C92D4 /* libz.dylib in Frameworks */ = {isa = PBXBuildFile; fileRef = 9AC88A6E13A6ACEA002C92D4 /* libz.dylib */; };
		9AC88A7313A6AD1A002C92D4 /* CFNetwork.framework in Frameworks */ = {isa = PBXBuildFile; fileRef = 9AC88A7213A6AD1A002C92D4 /* CFNetwork.framework */; };
		9AC88A7C13A6AD2F002C92D4 /* MobileCoreServices.framework in Frameworks */ = {isa = PBXBuildFile; fileRef = 9AC88A7B13A6AD2F002C92D4 /* MobileCoreServices.framework */; };
		9AC88A8313A6AD3A002C92D4 /* SystemConfiguration.framework in Frameworks */ = {isa = PBXBuildFile; fileRef = 9AC88A8213A6AD3A002C92D4 /* SystemConfiguration.framework */; };
/* End PBXBuildFile section */

/* Begin PBXFileReference section */
		1D30AB110D05D00D00671497 /* Foundation.framework */ = {isa = PBXFileReference; lastKnownFileType = wrapper.framework; name = Foundation.framework; path = System/Library/Frameworks/Foundation.framework; sourceTree = SDKROOT; };
		1D3623240D0F684500981E51 /* AppDelegate.h */ = {isa = PBXFileReference; fileEncoding = 4; lastKnownFileType = sourcecode.c.h; path = AppDelegate.h; sourceTree = "<group>"; };
		1D3623250D0F684500981E51 /* AppDelegate.m */ = {isa = PBXFileReference; fileEncoding = 4; lastKnownFileType = sourcecode.c.objc; path = AppDelegate.m; sourceTree = "<group>"; };
		1D6058910D05DD3D006BFB54 /* Gripthumb-iOS.app */ = {isa = PBXFileReference; explicitFileType = wrapper.application; includeInIndex = 0; path = "Gripthumb-iOS.app"; sourceTree = BUILT_PRODUCTS_DIR; };
		1DF5F4DF0D08C38300B7A737 /* UIKit.framework */ = {isa = PBXFileReference; lastKnownFileType = wrapper.framework; name = UIKit.framework; path = System/Library/Frameworks/UIKit.framework; sourceTree = SDKROOT; };
		27C6CA5653AF4118870B5F33 /* Pods.xcconfig */ = {isa = PBXFileReference; includeInIndex = 1; lastKnownFileType = text.xcconfig; name = Pods.xcconfig; path = Pods/Pods.xcconfig; sourceTree = "<group>"; };
		28D7ACF60DDB3853001CB0EB /* ViewController.h */ = {isa = PBXFileReference; fileEncoding = 4; lastKnownFileType = sourcecode.c.h; path = ViewController.h; sourceTree = "<group>"; };
		28D7ACF70DDB3853001CB0EB /* ViewController.m */ = {isa = PBXFileReference; fileEncoding = 4; lastKnownFileType = sourcecode.c.objc; path = ViewController.m; sourceTree = "<group>"; };
		2A07251A18D12A20003FCCEA /* CADebugMacros.h */ = {isa = PBXFileReference; fileEncoding = 4; lastKnownFileType = sourcecode.c.h; name = CADebugMacros.h; path = Codegen/CADebugMacros.h; sourceTree = "<group>"; };
		2A07251B18D12A20003FCCEA /* CAStreamBasicDescription.h */ = {isa = PBXFileReference; fileEncoding = 4; lastKnownFileType = sourcecode.c.h; name = CAStreamBasicDescription.h; path = Codegen/CAStreamBasicDescription.h; sourceTree = "<group>"; };
		2A07251C18D12A20003FCCEA /* Codegen_wrapper.cpp */ = {isa = PBXFileReference; fileEncoding = 4; lastKnownFileType = sourcecode.cpp.cpp; name = Codegen_wrapper.cpp; path = Codegen/Codegen_wrapper.cpp; sourceTree = "<group>"; };
		2A07251D18D12A20003FCCEA /* Codegen_wrapper.h */ = {isa = PBXFileReference; fileEncoding = 4; lastKnownFileType = sourcecode.c.h; name = Codegen_wrapper.h; path = Codegen/Codegen_wrapper.h; sourceTree = "<group>"; };
		2A07251E18D12A20003FCCEA /* Codegen.h */ = {isa = PBXFileReference; fileEncoding = 4; lastKnownFileType = sourcecode.c.h; name = Codegen.h; path = Codegen/Codegen.h; sourceTree = "<group>"; };
		2A07251F18D12A20003FCCEA /* GetPCMFromFile.cpp */ = {isa = PBXFileReference; fileEncoding = 4; lastKnownFileType = sourcecode.cpp.cpp; name = GetPCMFromFile.cpp; path = Codegen/GetPCMFromFile.cpp; sourceTree = "<group>"; };
		2A07252018D12A20003FCCEA /* GetPCMFromFile.h */ = {isa = PBXFileReference; fileEncoding = 4; lastKnownFileType = sourcecode.c.h; name = GetPCMFromFile.h; path = Codegen/GetPCMFromFile.h; sourceTree = "<group>"; };
		2A07252318D12A3F003FCCEA /* Default-568h@2x.png */ = {isa = PBXFileReference; lastKnownFileType = image.png; name = "Default-568h@2x.png"; path = "Resources/Default-568h@2x.png"; sourceTree = "<group>"; };
		2A07252518D12A3F003FCCEA /* MainWindow.xib */ = {isa = PBXFileReference; fileEncoding = 4; lastKnownFileType = file.xib; name = MainWindow.xib; path = Resources/MainWindow.xib; sourceTree = "<group>"; };
		2A07252618D12A3F003FCCEA /* ViewController.xib */ = {isa = PBXFileReference; fileEncoding = 4; lastKnownFileType = file.xib; name = ViewController.xib; path = Resources/ViewController.xib; sourceTree = "<group>"; };
		2A07252F18D12B86003FCCEA /* Gripthumb-iOS-Info.plist */ = {isa = PBXFileReference; fileEncoding = 4; lastKnownFileType = text.plist.xml; path = "Gripthumb-iOS-Info.plist"; sourceTree = "<group>"; };
		2A07253118D12BD2003FCCEA /* Gripthumb-iOS_Prefix.pch */ = {isa = PBXFileReference; fileEncoding = 4; lastKnownFileType = sourcecode.c.h; path = "Gripthumb-iOS_Prefix.pch"; sourceTree = "<group>"; };
		2A07253418D12C75003FCCEA /* libechoprint-codegen-ios.a */ = {isa = PBXFileReference; lastKnownFileType = archive.ar; name = "libechoprint-codegen-ios.a"; path = "Include/libechoprint-codegen-ios.a"; sourceTree = "<group>"; };
		2A7F534418CCD92E00845DFD /* XCTest.framework */ = {isa = PBXFileReference; lastKnownFileType = wrapper.framework; name = XCTest.framework; path = Library/Frameworks/XCTest.framework; sourceTree = DEVELOPER_DIR; };
		2A7F538B18CD314E00845DFD /* main.m */ = {isa = PBXFileReference; fileEncoding = 4; lastKnownFileType = sourcecode.c.objc; path = main.m; sourceTree = SOURCE_ROOT; };
		73C5A15E85C047D88B4833BB /* libPods.a */ = {isa = PBXFileReference; explicitFileType = archive.ar; includeInIndex = 0; path = libPods.a; sourceTree = BUILT_PRODUCTS_DIR; };
		9AC8897313A69840002C92D4 /* Fingerprinter.h */ = {isa = PBXFileReference; fileEncoding = 4; lastKnownFileType = sourcecode.c.h; path = Fingerprinter.h; sourceTree = "<group>"; };
		9AC8897413A69840002C92D4 /* Fingerprinter.m */ = {isa = PBXFileReference; fileEncoding = 4; lastKnownFileType = sourcecode.c.objc; path = Fingerprinter.m; sourceTree = "<group>"; };
		9AC8898913A69876002C92D4 /* AVFoundation.framework */ = {isa = PBXFileReference; lastKnownFileType = wrapper.framework; name = AVFoundation.framework; path = System/Library/Frameworks/AVFoundation.framework; sourceTree = SDKROOT; };
		9AC8899013A69880002C92D4 /* AudioToolbox.framework */ = {isa = PBXFileReference; lastKnownFileType = wrapper.framework; name = AudioToolbox.framework; path = System/Library/Frameworks/AudioToolbox.framework; sourceTree = SDKROOT; };
		9AC88A6E13A6ACEA002C92D4 /* libz.dylib */ = {isa = PBXFileReference; lastKnownFileType = "compiled.mach-o.dylib"; name = libz.dylib; path = usr/lib/libz.dylib; sourceTree = SDKROOT; };
		9AC88A7213A6AD1A002C92D4 /* CFNetwork.framework */ = {isa = PBXFileReference; lastKnownFileType = wrapper.framework; name = CFNetwork.framework; path = System/Library/Frameworks/CFNetwork.framework; sourceTree = SDKROOT; };
		9AC88A7B13A6AD2F002C92D4 /* MobileCoreServices.framework */ = {isa = PBXFileReference; lastKnownFileType = wrapper.framework; name = MobileCoreServices.framework; path = System/Library/Frameworks/MobileCoreServices.framework; sourceTree = SDKROOT; };
		9AC88A8213A6AD3A002C92D4 /* SystemConfiguration.framework */ = {isa = PBXFileReference; lastKnownFileType = wrapper.framework; name = SystemConfiguration.framework; path = System/Library/Frameworks/SystemConfiguration.framework; sourceTree = SDKROOT; };
/* End PBXFileReference section */

/* Begin PBXFrameworksBuildPhase section */
		1D60588F0D05DD3D006BFB54 /* Frameworks */ = {
			isa = PBXFrameworksBuildPhase;
			buildActionMask = 2147483647;
			files = (
				2A07253518D12C75003FCCEA /* libechoprint-codegen-ios.a in Frameworks */,
				1D60589F0D05DD5A006BFB54 /* Foundation.framework in Frameworks */,
				1DF5F4E00D08C38300B7A737 /* UIKit.framework in Frameworks */,
				9AC8898A13A69876002C92D4 /* AVFoundation.framework in Frameworks */,
				9AC8899113A69880002C92D4 /* AudioToolbox.framework in Frameworks */,
				9AC88A6F13A6ACEA002C92D4 /* libz.dylib in Frameworks */,
				9AC88A7313A6AD1A002C92D4 /* CFNetwork.framework in Frameworks */,
				9AC88A7C13A6AD2F002C92D4 /* MobileCoreServices.framework in Frameworks */,
				9AC88A8313A6AD3A002C92D4 /* SystemConfiguration.framework in Frameworks */,
				7E337B5DBC0B4D629ECF7D60 /* libPods.a in Frameworks */,
			);
			runOnlyForDeploymentPostprocessing = 0;
		};
/* End PBXFrameworksBuildPhase section */

/* Begin PBXGroup section */
		080E96DDFE201D6D7F000001 /* Classes */ = {
			isa = PBXGroup;
			children = (
				9AC8897313A69840002C92D4 /* Fingerprinter.h */,
				9AC8897413A69840002C92D4 /* Fingerprinter.m */,
				1D3623240D0F684500981E51 /* AppDelegate.h */,
				1D3623250D0F684500981E51 /* AppDelegate.m */,
				28D7ACF60DDB3853001CB0EB /* ViewController.h */,
				28D7ACF70DDB3853001CB0EB /* ViewController.m */,
				2A7F538B18CD314E00845DFD /* main.m */,
			);
			path = Classes;
			sourceTree = "<group>";
		};
		19C28FACFE9D520D11CA2CBB /* Products */ = {
			isa = PBXGroup;
			children = (
				1D6058910D05DD3D006BFB54 /* Gripthumb-iOS.app */,
			);
			name = Products;
			sourceTree = "<group>";
		};
		29B97314FDCFA39411CA2CEA /* CustomTemplate */ = {
			isa = PBXGroup;
			children = (
				2AB1D97518CFFAB000F9935A /* Codegen */,
				080E96DDFE201D6D7F000001 /* Classes */,
				29B97317FDCFA39411CA2CEA /* Resources */,
				29B97323FDCFA39411CA2CEA /* Frameworks */,
				19C28FACFE9D520D11CA2CBB /* Products */,
				2A07253118D12BD2003FCCEA /* Gripthumb-iOS_Prefix.pch */,
				2A07252F18D12B86003FCCEA /* Gripthumb-iOS-Info.plist */,
				27C6CA5653AF4118870B5F33 /* Pods.xcconfig */,
			);
			name = CustomTemplate;
			sourceTree = "<group>";
		};
		29B97317FDCFA39411CA2CEA /* Resources */ = {
			isa = PBXGroup;
			children = (
				2A07252318D12A3F003FCCEA /* Default-568h@2x.png */,
				2A07252518D12A3F003FCCEA /* MainWindow.xib */,
				2A07252618D12A3F003FCCEA /* ViewController.xib */,
			);
			name = Resources;
			sourceTree = "<group>";
		};
		29B97323FDCFA39411CA2CEA /* Frameworks */ = {
			isa = PBXGroup;
			children = (
				2A07253418D12C75003FCCEA /* libechoprint-codegen-ios.a */,
				9AC88A6E13A6ACEA002C92D4 /* libz.dylib */,
				1DF5F4DF0D08C38300B7A737 /* UIKit.framework */,
				1D30AB110D05D00D00671497 /* Foundation.framework */,
				9AC8898913A69876002C92D4 /* AVFoundation.framework */,
				9AC8899013A69880002C92D4 /* AudioToolbox.framework */,
				9AC88A7213A6AD1A002C92D4 /* CFNetwork.framework */,
				9AC88A7B13A6AD2F002C92D4 /* MobileCoreServices.framework */,
				9AC88A8213A6AD3A002C92D4 /* SystemConfiguration.framework */,
				73C5A15E85C047D88B4833BB /* libPods.a */,
				2A7F534418CCD92E00845DFD /* XCTest.framework */,
			);
			name = Frameworks;
			sourceTree = "<group>";
		};
		2AB1D97518CFFAB000F9935A /* Codegen */ = {
			isa = PBXGroup;
			children = (
				2A07251A18D12A20003FCCEA /* CADebugMacros.h */,
				2A07251B18D12A20003FCCEA /* CAStreamBasicDescription.h */,
				2A07251C18D12A20003FCCEA /* Codegen_wrapper.cpp */,
				2A07251D18D12A20003FCCEA /* Codegen_wrapper.h */,
				2A07251E18D12A20003FCCEA /* Codegen.h */,
				2A07251F18D12A20003FCCEA /* GetPCMFromFile.cpp */,
				2A07252018D12A20003FCCEA /* GetPCMFromFile.h */,
			);
			name = Codegen;
			sourceTree = "<group>";
		};
/* End PBXGroup section */

/* Begin PBXNativeTarget section */
		1D6058900D05DD3D006BFB54 /* Gripthumb-iOS */ = {
			isa = PBXNativeTarget;
			buildConfigurationList = 1D6058960D05DD3E006BFB54 /* Build configuration list for PBXNativeTarget "Gripthumb-iOS" */;
			buildPhases = (
				F95301CC9B1747B88B940659 /* Check Pods Manifest.lock */,
				1D60588D0D05DD3D006BFB54 /* Resources */,
				1D60588E0D05DD3D006BFB54 /* Sources */,
				1D60588F0D05DD3D006BFB54 /* Frameworks */,
				D1583B8E62D54B138F23648E /* Copy Pods Resources */,
			);
			buildRules = (
			);
			dependencies = (
			);
			name = "Gripthumb-iOS";
			productName = echoprint;
			productReference = 1D6058910D05DD3D006BFB54 /* Gripthumb-iOS.app */;
			productType = "com.apple.product-type.application";
		};
/* End PBXNativeTarget section */

/* Begin PBXProject section */
		29B97313FDCFA39411CA2CEA /* Project object */ = {
			isa = PBXProject;
			attributes = {
			};
			buildConfigurationList = C01FCF4E08A954540054247B /* Build configuration list for PBXProject "Gripthumb-iOS" */;
			compatibilityVersion = "Xcode 3.1";
			developmentRegion = English;
			hasScannedForEncodings = 1;
			knownRegions = (
				English,
				Japanese,
				French,
				German,
				en,
			);
			mainGroup = 29B97314FDCFA39411CA2CEA /* CustomTemplate */;
			projectDirPath = "";
			projectRoot = "";
			targets = (
				1D6058900D05DD3D006BFB54 /* Gripthumb-iOS */,
			);
		};
/* End PBXProject section */

/* Begin PBXResourcesBuildPhase section */
		1D60588D0D05DD3D006BFB54 /* Resources */ = {
			isa = PBXResourcesBuildPhase;
			buildActionMask = 2147483647;
			files = (
				2A07252718D12A3F003FCCEA /* Default-568h@2x.png in Resources */,
				2A07253018D12B86003FCCEA /* Gripthumb-iOS-Info.plist in Resources */,
				2A07252A18D12A3F003FCCEA /* ViewController.xib in Resources */,
				2A07252918D12A3F003FCCEA /* MainWindow.xib in Resources */,
			);
			runOnlyForDeploymentPostprocessing = 0;
		};
/* End PBXResourcesBuildPhase section */

/* Begin PBXShellScriptBuildPhase section */
		D1583B8E62D54B138F23648E /* Copy Pods Resources */ = {
			isa = PBXShellScriptBuildPhase;
			buildActionMask = 2147483647;
			files = (
			);
			inputPaths = (
			);
			name = "Copy Pods Resources";
			outputPaths = (
			);
			runOnlyForDeploymentPostprocessing = 0;
			shellPath = /bin/sh;
			shellScript = "\"${SRCROOT}/Pods/Pods-resources.sh\"\n";
			showEnvVarsInLog = 0;
		};
		F95301CC9B1747B88B940659 /* Check Pods Manifest.lock */ = {
			isa = PBXShellScriptBuildPhase;
			buildActionMask = 2147483647;
			files = (
			);
			inputPaths = (
			);
			name = "Check Pods Manifest.lock";
			outputPaths = (
			);
			runOnlyForDeploymentPostprocessing = 0;
			shellPath = /bin/sh;
			shellScript = "diff \"${PODS_ROOT}/../Podfile.lock\" \"${PODS_ROOT}/Manifest.lock\" > /dev/null\nif [[ $? != 0 ]] ; then\n    cat << EOM\nerror: The sandbox is not in sync with the Podfile.lock. Run 'pod install' or update your CocoaPods installation.\nEOM\n    exit 1\nfi\n";
			showEnvVarsInLog = 0;
		};
/* End PBXShellScriptBuildPhase section */

/* Begin PBXSourcesBuildPhase section */
		1D60588E0D05DD3D006BFB54 /* Sources */ = {
			isa = PBXSourcesBuildPhase;
			buildActionMask = 2147483647;
			files = (
				2A07252118D12A20003FCCEA /* Codegen_wrapper.cpp in Sources */,
				1D3623260D0F684500981E51 /* AppDelegate.m in Sources */,
				28D7ACF80DDB3853001CB0EB /* ViewController.m in Sources */,
				2A7F538C18CD314E00845DFD /* main.m in Sources */,
				9AC8897513A69840002C92D4 /* Fingerprinter.m in Sources */,
				2A07252218D12A20003FCCEA /* GetPCMFromFile.cpp in Sources */,
			);
			runOnlyForDeploymentPostprocessing = 0;
		};
/* End PBXSourcesBuildPhase section */

/* Begin XCBuildConfiguration section */
		1D6058940D05DD3E006BFB54 /* Debug */ = {
			isa = XCBuildConfiguration;
			baseConfigurationReference = 27C6CA5653AF4118870B5F33 /* Pods.xcconfig */;
			buildSettings = {
				ALWAYS_SEARCH_USER_PATHS = NO;
				CLANG_CXX_LIBRARY = "libstdc++";
				CLANG_ENABLE_OBJC_ARC = YES;
				COPY_PHASE_STRIP = NO;
				GCC_DYNAMIC_NO_PIC = NO;
				GCC_OPTIMIZATION_LEVEL = 0;
				GCC_PRECOMPILE_PREFIX_HEADER = YES;
				GCC_PREFIX_HEADER = "Gripthumb-iOS_Prefix.pch";
				INFOPLIST_FILE = "Gripthumb-iOS-Info.plist";
				IPHONEOS_DEPLOYMENT_TARGET = 7.0;
				LIBRARY_SEARCH_PATHS = (
					"$(inherited)",
					"$(SRCROOT)",
					"\\\\\\\"$(SRCROOT)/../../echoprint-codegen/src/echoprint-codegen-ios/build/Release-iphoneos\\\\\\\"",
					"$(USER_LIBRARY_DIR)/Developer/Xcode/DerivedData/echoprint-codegen-ios-btwhhjcwukfgzgbmwpmfookhliaa/Build/Products/Debug-iphoneos",
					"/Users/seanpdoyle/src/echoprint-ios-sample",
					"/Users/seanpdoyle/src/Gripthumb-iOS/Include",
					"/Users/seanpdoyle/src/Gripthumb-iOS",
				);
				PRODUCT_NAME = "Gripthumb-iOS";
				TARGETED_DEVICE_FAMILY = 1;
			};
			name = Debug;
		};
		1D6058950D05DD3E006BFB54 /* Release */ = {
			isa = XCBuildConfiguration;
			baseConfigurationReference = 27C6CA5653AF4118870B5F33 /* Pods.xcconfig */;
			buildSettings = {
				ALWAYS_SEARCH_USER_PATHS = NO;
				CLANG_CXX_LIBRARY = "libstdc++";
				CLANG_ENABLE_OBJC_ARC = YES;
				COPY_PHASE_STRIP = YES;
				GCC_PRECOMPILE_PREFIX_HEADER = YES;
				GCC_PREFIX_HEADER = "Gripthumb-iOS_Prefix.pch";
				INFOPLIST_FILE = "Gripthumb-iOS-Info.plist";
				IPHONEOS_DEPLOYMENT_TARGET = 7.0;
				LIBRARY_SEARCH_PATHS = (
					"$(inherited)",
					"$(SRCROOT)",
					"\\\\\\\"$(SRCROOT)/../../echoprint-codegen/src/echoprint-codegen-ios/build/Release-iphoneos\\\\\\\"",
					"$(USER_LIBRARY_DIR)/Developer/Xcode/DerivedData/echoprint-codegen-ios-btwhhjcwukfgzgbmwpmfookhliaa/Build/Products/Debug-iphoneos",
					"/Users/seanpdoyle/src/echoprint-ios-sample",
					"/Users/seanpdoyle/src/Gripthumb-iOS/Include",
					"/Users/seanpdoyle/src/Gripthumb-iOS",
				);
				PRODUCT_NAME = "Gripthumb-iOS";
				TARGETED_DEVICE_FAMILY = 1;
				VALIDATE_PRODUCT = YES;
			};
			name = Release;
		};
		C01FCF4F08A954540054247B /* Debug */ = {
			isa = XCBuildConfiguration;
			buildSettings = {
				ARCHS = "$(ARCHS_STANDARD_32_BIT)";
				CLANG_ENABLE_OBJC_ARC = YES;
				"CODE_SIGN_IDENTITY[sdk=iphoneos*]" = "iPhone Developer: Brian Whitman (484WPXPBPT)";
				GCC_C_LANGUAGE_STANDARD = c99;
				GCC_WARN_ABOUT_RETURN_TYPE = YES;
				GCC_WARN_UNUSED_VARIABLE = YES;
				PREBINDING = NO;
				"PROVISIONING_PROFILE[sdk=iphoneos*]" = "5D028526-5535-468F-882E-D5D8E6BE8D85";
				SDKROOT = iphoneos;
			};
			name = Debug;
		};
		C01FCF5008A954540054247B /* Release */ = {
			isa = XCBuildConfiguration;
			buildSettings = {
				ARCHS = "$(ARCHS_STANDARD_32_BIT)";
				CLANG_ENABLE_OBJC_ARC = YES;
				"CODE_SIGN_IDENTITY[sdk=iphoneos*]" = "iPhone Developer";
				GCC_C_LANGUAGE_STANDARD = c99;
				GCC_WARN_ABOUT_RETURN_TYPE = YES;
				GCC_WARN_UNUSED_VARIABLE = YES;
				OTHER_CFLAGS = "-DNS_BLOCK_ASSERTIONS=1";
				PREBINDING = NO;
				SDKROOT = iphoneos;
			};
			name = Release;
		};
/* End XCBuildConfiguration section */

/* Begin XCConfigurationList section */
		1D6058960D05DD3E006BFB54 /* Build configuration list for PBXNativeTarget "Gripthumb-iOS" */ = {
			isa = XCConfigurationList;
			buildConfigurations = (
				1D6058940D05DD3E006BFB54 /* Debug */,
				1D6058950D05DD3E006BFB54 /* Release */,
			);
			defaultConfigurationIsVisible = 0;
			defaultConfigurationName = Release;
		};
		C01FCF4E08A954540054247B /* Build configuration list for PBXProject "Gripthumb-iOS" */ = {
			isa = XCConfigurationList;
			buildConfigurations = (
				C01FCF4F08A954540054247B /* Debug */,
				C01FCF5008A954540054247B /* Release */,
			);
			defaultConfigurationIsVisible = 0;
			defaultConfigurationName = Release;
		};
/* End XCConfigurationList section */
	};
	rootObject = 29B97313FDCFA39411CA2CEA /* Project object */;
}
